
Microsoft Visual Studio Solution File, Format Version 12.00
# Visual Studio Version 16
VisualStudioVersion = 16.0.31129.286
MinimumVisualStudioVersion = 10.0.40219.1
Project("{FAE04EC0-301F-11D3-BF4B-00C04F79EFBC}") = "Actividad Integradora 7 Problema 4", "Actividad Integradora 7 Problema 4.csproj", "{BFC2947A-70A0-45B3-954C-B7967AF01BD8}"
EndProject
Global
	GlobalSection(SolutionConfigurationPlatforms) = preSolution
		Debug|Any CPU = Debug|Any CPU
		Release|Any CPU = Release|Any CPU
	EndGlobalSection
	GlobalSection(ProjectConfigurationPlatforms) = postSolution
		{BFC2947A-70A0-45B3-954C-B7967AF01BD8}.Debug|Any CPU.ActiveCfg = Debug|Any CPU
		{BFC2947A-70A0-45B3-954C-B7967AF01BD8}.Debug|Any CPU.Build.0 = Debug|Any CPU
		{BFC2947A-70A0-45B3-954C-B7967AF01BD8}.Release|Any CPU.ActiveCfg = Release|Any CPU
		{BFC2947A-70A0-45B3-954C-B7967AF01BD8}.Release|Any CPU.Build.0 = Release|Any CPU
	EndGlobalSection
	GlobalSection(SolutionProperties) = preSolution
		HideSolutionNode = FALSE
	EndGlobalSection
	GlobalSection(ExtensibilityGlobals) = postSolution
		SolutionGuid = {C86CEC5A-34C3-4773-8740-21ABF91BB5D5}
	EndGlobalSection
EndGlobal
